
Microsoft Visual Studio Solution File, Format Version 12.00
# Visual Studio 2013
VisualStudioVersion = 12.0.31101.0
MinimumVisualStudioVersion = 10.0.40219.1
Project("{FAE04EC0-301F-11D3-BF4B-00C04F79EFBC}") = "SoapClientGenerator", "SoapClientGenerator\SoapClientGenerator.csproj", "{4AD05422-DE00-4274-B5AB-77AA9733D78B}"
EndProject
Project("{FAE04EC0-301F-11D3-BF4B-00C04F79EFBC}") = "SoapServices", "SoapServices\SoapServices.csproj", "{22569042-A86E-4D10-A8D5-5A6CA94F5A76}"
EndProject
Project("{2150E333-8FDC-42A3-9474-1A3956D46DE8}") = "TestApps", "TestApps", "{F5FFEA0C-D2F7-4F9E-B881-D12D05A7BD08}"
EndProject
Project("{FAE04EC0-301F-11D3-BF4B-00C04F79EFBC}") = "WcfService1", "WcfService1\WcfService1.csproj", "{D771CBD8-D686-472E-A3A0-9022AD8D077A}"
EndProject
Project("{FAE04EC0-301F-11D3-BF4B-00C04F79EFBC}") = "ClientApp", "ClientApp\ClientApp.csproj", "{9A906A23-7084-4DC6-9ACE-5D4C8B9DC287}"
	ProjectSection(ProjectDependencies) = postProject
		{D771CBD8-D686-472E-A3A0-9022AD8D077A} = {D771CBD8-D686-472E-A3A0-9022AD8D077A}
	EndProjectSection
EndProject
Project("{FAE04EC0-301F-11D3-BF4B-00C04F79EFBC}") = "SoapClientBuilder", "SoapClientBuilder\SoapClientBuilder.csproj", "{00468DD1-15BE-4924-A93F-ED789CA762F8}"
EndProject
Project("{FAE04EC0-301F-11D3-BF4B-00C04F79EFBC}") = "Builder.TestApp", "Builder.TestApp\Builder.TestApp.csproj", "{DFBBF4D7-B3C8-4B44-9AEF-0B67A50CFE78}"
EndProject
Project("{FAE04EC0-301F-11D3-BF4B-00C04F79EFBC}") = "WcfService1ClientApp", "WcfService1ClientApp\WcfService1ClientApp.csproj", "{EA7C6F2D-E80E-4B85-B3B0-ABA2B1EF8082}"
EndProject
Global
	GlobalSection(SolutionConfigurationPlatforms) = preSolution
		Debug|Any CPU = Debug|Any CPU
		Debug|ARM = Debug|ARM
		Debug|x64 = Debug|x64
		Debug|x86 = Debug|x86
		Release|Any CPU = Release|Any CPU
		Release|ARM = Release|ARM
		Release|x64 = Release|x64
		Release|x86 = Release|x86
	EndGlobalSection
	GlobalSection(ProjectConfigurationPlatforms) = postSolution
		{4AD05422-DE00-4274-B5AB-77AA9733D78B}.Debug|Any CPU.ActiveCfg = Debug|Any CPU
		{4AD05422-DE00-4274-B5AB-77AA9733D78B}.Debug|Any CPU.Build.0 = Debug|Any CPU
		{4AD05422-DE00-4274-B5AB-77AA9733D78B}.Debug|ARM.ActiveCfg = Debug|Any CPU
		{4AD05422-DE00-4274-B5AB-77AA9733D78B}.Debug|x64.ActiveCfg = Debug|Any CPU
		{4AD05422-DE00-4274-B5AB-77AA9733D78B}.Debug|x86.ActiveCfg = Debug|Any CPU
		{4AD05422-DE00-4274-B5AB-77AA9733D78B}.Release|Any CPU.ActiveCfg = Release|Any CPU
		{4AD05422-DE00-4274-B5AB-77AA9733D78B}.Release|Any CPU.Build.0 = Release|Any CPU
		{4AD05422-DE00-4274-B5AB-77AA9733D78B}.Release|ARM.ActiveCfg = Release|Any CPU
		{4AD05422-DE00-4274-B5AB-77AA9733D78B}.Release|x64.ActiveCfg = Release|Any CPU
		{4AD05422-DE00-4274-B5AB-77AA9733D78B}.Release|x86.ActiveCfg = Release|Any CPU
		{22569042-A86E-4D10-A8D5-5A6CA94F5A76}.Debug|Any CPU.ActiveCfg = Debug|Any CPU
		{22569042-A86E-4D10-A8D5-5A6CA94F5A76}.Debug|Any CPU.Build.0 = Debug|Any CPU
		{22569042-A86E-4D10-A8D5-5A6CA94F5A76}.Debug|ARM.ActiveCfg = Debug|Any CPU
		{22569042-A86E-4D10-A8D5-5A6CA94F5A76}.Debug|x64.ActiveCfg = Debug|Any CPU
		{22569042-A86E-4D10-A8D5-5A6CA94F5A76}.Debug|x86.ActiveCfg = Debug|Any CPU
		{22569042-A86E-4D10-A8D5-5A6CA94F5A76}.Release|Any CPU.ActiveCfg = Release|Any CPU
		{22569042-A86E-4D10-A8D5-5A6CA94F5A76}.Release|Any CPU.Build.0 = Release|Any CPU
		{22569042-A86E-4D10-A8D5-5A6CA94F5A76}.Release|ARM.ActiveCfg = Release|Any CPU
		{22569042-A86E-4D10-A8D5-5A6CA94F5A76}.Release|x64.ActiveCfg = Release|Any CPU
		{22569042-A86E-4D10-A8D5-5A6CA94F5A76}.Release|x86.ActiveCfg = Release|Any CPU
		{D771CBD8-D686-472E-A3A0-9022AD8D077A}.Debug|Any CPU.ActiveCfg = Debug|Any CPU
		{D771CBD8-D686-472E-A3A0-9022AD8D077A}.Debug|Any CPU.Build.0 = Debug|Any CPU
		{D771CBD8-D686-472E-A3A0-9022AD8D077A}.Debug|ARM.ActiveCfg = Debug|Any CPU
		{D771CBD8-D686-472E-A3A0-9022AD8D077A}.Debug|x64.ActiveCfg = Debug|Any CPU
		{D771CBD8-D686-472E-A3A0-9022AD8D077A}.Debug|x86.ActiveCfg = Debug|Any CPU
		{D771CBD8-D686-472E-A3A0-9022AD8D077A}.Release|Any CPU.ActiveCfg = Release|Any CPU
		{D771CBD8-D686-472E-A3A0-9022AD8D077A}.Release|Any CPU.Build.0 = Release|Any CPU
		{D771CBD8-D686-472E-A3A0-9022AD8D077A}.Release|ARM.ActiveCfg = Release|Any CPU
		{D771CBD8-D686-472E-A3A0-9022AD8D077A}.Release|x64.ActiveCfg = Release|Any CPU
		{D771CBD8-D686-472E-A3A0-9022AD8D077A}.Release|x86.ActiveCfg = Release|Any CPU
		{9A906A23-7084-4DC6-9ACE-5D4C8B9DC287}.Debug|Any CPU.ActiveCfg = Debug|Any CPU
		{9A906A23-7084-4DC6-9ACE-5D4C8B9DC287}.Debug|Any CPU.Build.0 = Debug|Any CPU
		{9A906A23-7084-4DC6-9ACE-5D4C8B9DC287}.Debug|ARM.ActiveCfg = Debug|Any CPU
		{9A906A23-7084-4DC6-9ACE-5D4C8B9DC287}.Debug|x64.ActiveCfg = Debug|Any CPU
		{9A906A23-7084-4DC6-9ACE-5D4C8B9DC287}.Debug|x86.ActiveCfg = Debug|Any CPU
		{9A906A23-7084-4DC6-9ACE-5D4C8B9DC287}.Release|Any CPU.ActiveCfg = Release|Any CPU
		{9A906A23-7084-4DC6-9ACE-5D4C8B9DC287}.Release|Any CPU.Build.0 = Release|Any CPU
		{9A906A23-7084-4DC6-9ACE-5D4C8B9DC287}.Release|ARM.ActiveCfg = Release|Any CPU
		{9A906A23-7084-4DC6-9ACE-5D4C8B9DC287}.Release|x64.ActiveCfg = Release|Any CPU
		{9A906A23-7084-4DC6-9ACE-5D4C8B9DC287}.Release|x86.ActiveCfg = Release|Any CPU
		{00468DD1-15BE-4924-A93F-ED789CA762F8}.Debug|Any CPU.ActiveCfg = Debug|Any CPU
		{00468DD1-15BE-4924-A93F-ED789CA762F8}.Debug|Any CPU.Build.0 = Debug|Any CPU
		{00468DD1-15BE-4924-A93F-ED789CA762F8}.Debug|ARM.ActiveCfg = Debug|Any CPU
		{00468DD1-15BE-4924-A93F-ED789CA762F8}.Debug|x64.ActiveCfg = Debug|Any CPU
		{00468DD1-15BE-4924-A93F-ED789CA762F8}.Debug|x86.ActiveCfg = Debug|Any CPU
		{00468DD1-15BE-4924-A93F-ED789CA762F8}.Release|Any CPU.ActiveCfg = Release|Any CPU
		{00468DD1-15BE-4924-A93F-ED789CA762F8}.Release|Any CPU.Build.0 = Release|Any CPU
		{00468DD1-15BE-4924-A93F-ED789CA762F8}.Release|ARM.ActiveCfg = Release|Any CPU
		{00468DD1-15BE-4924-A93F-ED789CA762F8}.Release|x64.ActiveCfg = Release|Any CPU
		{00468DD1-15BE-4924-A93F-ED789CA762F8}.Release|x86.ActiveCfg = Release|Any CPU
		{DFBBF4D7-B3C8-4B44-9AEF-0B67A50CFE78}.Debug|Any CPU.ActiveCfg = Debug|Any CPU
		{DFBBF4D7-B3C8-4B44-9AEF-0B67A50CFE78}.Debug|Any CPU.Build.0 = Debug|Any CPU
		{DFBBF4D7-B3C8-4B44-9AEF-0B67A50CFE78}.Debug|ARM.ActiveCfg = Debug|Any CPU
		{DFBBF4D7-B3C8-4B44-9AEF-0B67A50CFE78}.Debug|x64.ActiveCfg = Debug|Any CPU
		{DFBBF4D7-B3C8-4B44-9AEF-0B67A50CFE78}.Debug|x86.ActiveCfg = Debug|Any CPU
		{DFBBF4D7-B3C8-4B44-9AEF-0B67A50CFE78}.Release|Any CPU.ActiveCfg = Release|Any CPU
		{DFBBF4D7-B3C8-4B44-9AEF-0B67A50CFE78}.Release|Any CPU.Build.0 = Release|Any CPU
		{DFBBF4D7-B3C8-4B44-9AEF-0B67A50CFE78}.Release|ARM.ActiveCfg = Release|Any CPU
		{DFBBF4D7-B3C8-4B44-9AEF-0B67A50CFE78}.Release|x64.ActiveCfg = Release|Any CPU
		{DFBBF4D7-B3C8-4B44-9AEF-0B67A50CFE78}.Release|x86.ActiveCfg = Release|Any CPU
		{EA7C6F2D-E80E-4B85-B3B0-ABA2B1EF8082}.Debug|Any CPU.ActiveCfg = Debug|Any CPU
		{EA7C6F2D-E80E-4B85-B3B0-ABA2B1EF8082}.Debug|Any CPU.Build.0 = Debug|Any CPU
		{EA7C6F2D-E80E-4B85-B3B0-ABA2B1EF8082}.Debug|Any CPU.Deploy.0 = Debug|Any CPU
		{EA7C6F2D-E80E-4B85-B3B0-ABA2B1EF8082}.Debug|ARM.ActiveCfg = Debug|ARM
		{EA7C6F2D-E80E-4B85-B3B0-ABA2B1EF8082}.Debug|ARM.Build.0 = Debug|ARM
		{EA7C6F2D-E80E-4B85-B3B0-ABA2B1EF8082}.Debug|ARM.Deploy.0 = Debug|ARM
		{EA7C6F2D-E80E-4B85-B3B0-ABA2B1EF8082}.Debug|x64.ActiveCfg = Debug|x64
		{EA7C6F2D-E80E-4B85-B3B0-ABA2B1EF8082}.Debug|x64.Build.0 = Debug|x64
		{EA7C6F2D-E80E-4B85-B3B0-ABA2B1EF8082}.Debug|x64.Deploy.0 = Debug|x64
		{EA7C6F2D-E80E-4B85-B3B0-ABA2B1EF8082}.Debug|x86.ActiveCfg = Debug|x86
		{EA7C6F2D-E80E-4B85-B3B0-ABA2B1EF8082}.Debug|x86.Build.0 = Debug|x86
		{EA7C6F2D-E80E-4B85-B3B0-ABA2B1EF8082}.Debug|x86.Deploy.0 = Debug|x86
		{EA7C6F2D-E80E-4B85-B3B0-ABA2B1EF8082}.Release|Any CPU.ActiveCfg = Release|Any CPU
		{EA7C6F2D-E80E-4B85-B3B0-ABA2B1EF8082}.Release|Any CPU.Build.0 = Release|Any CPU
		{EA7C6F2D-E80E-4B85-B3B0-ABA2B1EF8082}.Release|Any CPU.Deploy.0 = Release|Any CPU
		{EA7C6F2D-E80E-4B85-B3B0-ABA2B1EF8082}.Release|ARM.ActiveCfg = Release|ARM
		{EA7C6F2D-E80E-4B85-B3B0-ABA2B1EF8082}.Release|ARM.Build.0 = Release|ARM
		{EA7C6F2D-E80E-4B85-B3B0-ABA2B1EF8082}.Release|ARM.Deploy.0 = Release|ARM
		{EA7C6F2D-E80E-4B85-B3B0-ABA2B1EF8082}.Release|x64.ActiveCfg = Release|x64
		{EA7C6F2D-E80E-4B85-B3B0-ABA2B1EF8082}.Release|x64.Build.0 = Release|x64
		{EA7C6F2D-E80E-4B85-B3B0-ABA2B1EF8082}.Release|x64.Deploy.0 = Release|x64
		{EA7C6F2D-E80E-4B85-B3B0-ABA2B1EF8082}.Release|x86.ActiveCfg = Release|x86
		{EA7C6F2D-E80E-4B85-B3B0-ABA2B1EF8082}.Release|x86.Build.0 = Release|x86
		{EA7C6F2D-E80E-4B85-B3B0-ABA2B1EF8082}.Release|x86.Deploy.0 = Release|x86
	EndGlobalSection
	GlobalSection(SolutionProperties) = preSolution
		HideSolutionNode = FALSE
	EndGlobalSection
	GlobalSection(NestedProjects) = preSolution
		{D771CBD8-D686-472E-A3A0-9022AD8D077A} = {F5FFEA0C-D2F7-4F9E-B881-D12D05A7BD08}
		{9A906A23-7084-4DC6-9ACE-5D4C8B9DC287} = {F5FFEA0C-D2F7-4F9E-B881-D12D05A7BD08}
		{DFBBF4D7-B3C8-4B44-9AEF-0B67A50CFE78} = {F5FFEA0C-D2F7-4F9E-B881-D12D05A7BD08}
		{EA7C6F2D-E80E-4B85-B3B0-ABA2B1EF8082} = {F5FFEA0C-D2F7-4F9E-B881-D12D05A7BD08}
	EndGlobalSection
EndGlobal
